// !$*UTF8*$!
{
	archiveVersion = 1;
	classes = {
	};
	objectVersion = 50;
	objects = {

/* Begin PBXBuildFile section */
		A7237F482125894600F2F397 /* Sound Horizon - 記憶の水底.mp3 in Resources */ = {isa = PBXBuildFile; fileRef = A7237F472125894600F2F397 /* Sound Horizon - 記憶の水底.mp3 */; };
		A77F45F3212426A600EB578D /* Accelerate.framework in Frameworks */ = {isa = PBXBuildFile; fileRef = A77F45F2212426A500EB578D /* Accelerate.framework */; };
		A77F45F5212426AD00EB578D /* libc++.tbd in Frameworks */ = {isa = PBXBuildFile; fileRef = A77F45F4212426AD00EB578D /* libc++.tbd */; };
		A77F45F7212426B100EB578D /* AVFoundation.framework in Frameworks */ = {isa = PBXBuildFile; fileRef = A77F45F6212426B100EB578D /* AVFoundation.framework */; };
		A77F45F9212426BA00EB578D /* SystemConfiguration.framework in Frameworks */ = {isa = PBXBuildFile; fileRef = A77F45F8212426BA00EB578D /* SystemConfiguration.framework */; };
		A77F45FB212426C600EB578D /* AudioToolbox.framework in Frameworks */ = {isa = PBXBuildFile; fileRef = A77F45FA212426C600EB578D /* AudioToolbox.framework */; };
		A77F45FD212426CD00EB578D /* CoreTelephony.framework in Frameworks */ = {isa = PBXBuildFile; fileRef = A77F45FC212426CD00EB578D /* CoreTelephony.framework */; };
		A77F45FF212426D900EB578D /* libresolv.tbd in Frameworks */ = {isa = PBXBuildFile; fileRef = A77F45FE212426D900EB578D /* libresolv.tbd */; };
		A77F4601212426E400EB578D /* AgoraAudioKit.framework in Frameworks */ = {isa = PBXBuildFile; fileRef = A77F4600212426E400EB578D /* AgoraAudioKit.framework */; };
		A7C50F0E212414F200774322 /* AppDelegate.swift in Sources */ = {isa = PBXBuildFile; fileRef = A7C50F0D212414F200774322 /* AppDelegate.swift */; };
		A7C50F13212414F200774322 /* Main.storyboard in Resources */ = {isa = PBXBuildFile; fileRef = A7C50F11212414F200774322 /* Main.storyboard */; };
		A7C50F15212414F300774322 /* Assets.xcassets in Resources */ = {isa = PBXBuildFile; fileRef = A7C50F14212414F300774322 /* Assets.xcassets */; };
		A7C50F18212414F300774322 /* LaunchScreen.storyboard in Resources */ = {isa = PBXBuildFile; fileRef = A7C50F16212414F300774322 /* LaunchScreen.storyboard */; };
		F512BD89238B73AA00B96E75 /* RtcManager.swift in Sources */ = {isa = PBXBuildFile; fileRef = F512BD88238B73AA00B96E75 /* RtcManager.swift */; };
		F512BD8B238B7BB300B96E75 /* RtmManager.swift in Sources */ = {isa = PBXBuildFile; fileRef = F512BD8A238B7BB300B96E75 /* RtmManager.swift */; };
		F512BD8D238B7C2600B96E75 /* AgoraRtmKit.framework in Frameworks */ = {isa = PBXBuildFile; fileRef = F512BD8C238B7C2600B96E75 /* AgoraRtmKit.framework */; };
		F512BD8F238B8A8D00B96E75 /* Member.swift in Sources */ = {isa = PBXBuildFile; fileRef = F512BD8E238B8A8D00B96E75 /* Member.swift */; };
		F512BD91238B992A00B96E75 /* Message.swift in Sources */ = {isa = PBXBuildFile; fileRef = F512BD90238B992A00B96E75 /* Message.swift */; };
		F512BD93238B9A2D00B96E75 /* BusinessManager.swift in Sources */ = {isa = PBXBuildFile; fileRef = F512BD92238B9A2D00B96E75 /* BusinessManager.swift */; };
		F512BD95238CCA9100B96E75 /* MemberCell.swift in Sources */ = {isa = PBXBuildFile; fileRef = F512BD94238CCA9100B96E75 /* MemberCell.swift */; };
		F512BD97238CCC0B00B96E75 /* MemberViewController.swift in Sources */ = {isa = PBXBuildFile; fileRef = F512BD96238CCC0B00B96E75 /* MemberViewController.swift */; };
		F512BD9D238CEE9400B96E75 /* AlertUtils.swift in Sources */ = {isa = PBXBuildFile; fileRef = F512BD9C238CEE9400B96E75 /* AlertUtils.swift */; };
		F512BD9F238E428800B96E75 /* VoiceChangerTableViewController.swift in Sources */ = {isa = PBXBuildFile; fileRef = F512BD9E238E428800B96E75 /* VoiceChangerTableViewController.swift */; };
		F512BDA1238E462D00B96E75 /* VoiceChangerCell.swift in Sources */ = {isa = PBXBuildFile; fileRef = F512BDA0238E462D00B96E75 /* VoiceChangerCell.swift */; };
		F512BDA3238E533B00B96E75 /* Constant.swift in Sources */ = {isa = PBXBuildFile; fileRef = F512BDA2238E533B00B96E75 /* Constant.swift */; };
		F5616A5E2386594E003FEADA /* ChatRoomViewController.swift in Sources */ = {isa = PBXBuildFile; fileRef = F5616A5D2386594E003FEADA /* ChatRoomViewController.swift */; };
		F5616A60238780A6003FEADA /* SeatCollectionViewController.swift in Sources */ = {isa = PBXBuildFile; fileRef = F5616A5F238780A6003FEADA /* SeatCollectionViewController.swift */; };
		F5616A62238786C7003FEADA /* SeatCell.swift in Sources */ = {isa = PBXBuildFile; fileRef = F5616A61238786C7003FEADA /* SeatCell.swift */; };
		F5616A64238789E5003FEADA /* MessageTableViewController.swift in Sources */ = {isa = PBXBuildFile; fileRef = F5616A63238789E5003FEADA /* MessageTableViewController.swift */; };
		F5616A6623878BDB003FEADA /* MessageCell.swift in Sources */ = {isa = PBXBuildFile; fileRef = F5616A6523878BDB003FEADA /* MessageCell.swift */; };
		F5616A682387B288003FEADA /* Seat.swift in Sources */ = {isa = PBXBuildFile; fileRef = F5616A672387B288003FEADA /* Seat.swift */; };
		F5616A6A2387B628003FEADA /* AudioStatus.swift in Sources */ = {isa = PBXBuildFile; fileRef = F5616A692387B628003FEADA /* AudioStatus.swift */; };
		F5616A6D2387C09E003FEADA /* BaseUtils.swift in Sources */ = {isa = PBXBuildFile; fileRef = F5616A6C2387C09E003FEADA /* BaseUtils.swift */; };
		F568921B2398DEAD0088A16B /* NavigationController.swift in Sources */ = {isa = PBXBuildFile; fileRef = F568921A2398DEAD0088A16B /* NavigationController.swift */; };
		F568921D2398E3AC0088A16B /* ChannelViewController.swift in Sources */ = {isa = PBXBuildFile; fileRef = F568921C2398E3AC0088A16B /* ChannelViewController.swift */; };
		F568921F2398E57C0088A16B /* Channel.swift in Sources */ = {isa = PBXBuildFile; fileRef = F568921E2398E57C0088A16B /* Channel.swift */; };
		F56892212398E7F10088A16B /* ChannelCell.swift in Sources */ = {isa = PBXBuildFile; fileRef = F56892202398E7F10088A16B /* ChannelCell.swift */; };
		F568922523993D4F0088A16B /* MemberUtils.swift in Sources */ = {isa = PBXBuildFile; fileRef = F568922423993D4E0088A16B /* MemberUtils.swift */; };
		F56892272399FC2C0088A16B /* AutoButton.swift in Sources */ = {isa = PBXBuildFile; fileRef = F56892262399FC2C0088A16B /* AutoButton.swift */; };
		F5689229239A9D290088A16B /* TestVCViewController.swift in Sources */ = {isa = PBXBuildFile; fileRef = F5689228239A9D290088A16B /* TestVCViewController.swift */; };
/* End PBXBuildFile section */

/* Begin PBXFileReference section */
		A7237F472125894600F2F397 /* Sound Horizon - 記憶の水底.mp3 */ = {isa = PBXFileReference; lastKnownFileType = audio.mp3; path = "Sound Horizon - 記憶の水底.mp3"; sourceTree = "<group>"; };
		A77F45F2212426A500EB578D /* Accelerate.framework */ = {isa = PBXFileReference; lastKnownFileType = wrapper.framework; name = Accelerate.framework; path = System/Library/Frameworks/Accelerate.framework; sourceTree = SDKROOT; };
		A77F45F4212426AD00EB578D /* libc++.tbd */ = {isa = PBXFileReference; lastKnownFileType = "sourcecode.text-based-dylib-definition"; name = "libc++.tbd"; path = "usr/lib/libc++.tbd"; sourceTree = SDKROOT; };
		A77F45F6212426B100EB578D /* AVFoundation.framework */ = {isa = PBXFileReference; lastKnownFileType = wrapper.framework; name = AVFoundation.framework; path = System/Library/Frameworks/AVFoundation.framework; sourceTree = SDKROOT; };
		A77F45F8212426BA00EB578D /* SystemConfiguration.framework */ = {isa = PBXFileReference; lastKnownFileType = wrapper.framework; name = SystemConfiguration.framework; path = System/Library/Frameworks/SystemConfiguration.framework; sourceTree = SDKROOT; };
		A77F45FA212426C600EB578D /* AudioToolbox.framework */ = {isa = PBXFileReference; lastKnownFileType = wrapper.framework; name = AudioToolbox.framework; path = System/Library/Frameworks/AudioToolbox.framework; sourceTree = SDKROOT; };
		A77F45FC212426CD00EB578D /* CoreTelephony.framework */ = {isa = PBXFileReference; lastKnownFileType = wrapper.framework; name = CoreTelephony.framework; path = System/Library/Frameworks/CoreTelephony.framework; sourceTree = SDKROOT; };
		A77F45FE212426D900EB578D /* libresolv.tbd */ = {isa = PBXFileReference; lastKnownFileType = "sourcecode.text-based-dylib-definition"; name = libresolv.tbd; path = usr/lib/libresolv.tbd; sourceTree = SDKROOT; };
		A77F4600212426E400EB578D /* AgoraAudioKit.framework */ = {isa = PBXFileReference; lastKnownFileType = wrapper.framework; name = AgoraAudioKit.framework; path = AgoraChatRoom/AgoraAudioKit.framework; sourceTree = "<group>"; };
		A7C50F0A212414F200774322 /* AgoraChatRoom.app */ = {isa = PBXFileReference; explicitFileType = wrapper.application; includeInIndex = 0; path = AgoraChatRoom.app; sourceTree = BUILT_PRODUCTS_DIR; };
		A7C50F0D212414F200774322 /* AppDelegate.swift */ = {isa = PBXFileReference; lastKnownFileType = sourcecode.swift; path = AppDelegate.swift; sourceTree = "<group>"; };
		A7C50F12212414F200774322 /* Base */ = {isa = PBXFileReference; lastKnownFileType = file.storyboard; name = Base; path = Base.lproj/Main.storyboard; sourceTree = "<group>"; };
		A7C50F14212414F300774322 /* Assets.xcassets */ = {isa = PBXFileReference; lastKnownFileType = folder.assetcatalog; path = Assets.xcassets; sourceTree = "<group>"; };
		A7C50F17212414F300774322 /* Base */ = {isa = PBXFileReference; lastKnownFileType = file.storyboard; name = Base; path = Base.lproj/LaunchScreen.storyboard; sourceTree = "<group>"; };
		A7C50F19212414F300774322 /* Info.plist */ = {isa = PBXFileReference; lastKnownFileType = text.plist.xml; path = Info.plist; sourceTree = "<group>"; };
		F512BD88238B73AA00B96E75 /* RtcManager.swift */ = {isa = PBXFileReference; lastKnownFileType = sourcecode.swift; path = RtcManager.swift; sourceTree = "<group>"; };
		F512BD8A238B7BB300B96E75 /* RtmManager.swift */ = {isa = PBXFileReference; lastKnownFileType = sourcecode.swift; path = RtmManager.swift; sourceTree = "<group>"; };
		F512BD8C238B7C2600B96E75 /* AgoraRtmKit.framework */ = {isa = PBXFileReference; lastKnownFileType = wrapper.framework; name = AgoraRtmKit.framework; path = AgoraChatRoom/AgoraRtmKit.framework; sourceTree = "<group>"; };
		F512BD8E238B8A8D00B96E75 /* Member.swift */ = {isa = PBXFileReference; lastKnownFileType = sourcecode.swift; path = Member.swift; sourceTree = "<group>"; };
		F512BD90238B992A00B96E75 /* Message.swift */ = {isa = PBXFileReference; lastKnownFileType = sourcecode.swift; path = Message.swift; sourceTree = "<group>"; };
		F512BD92238B9A2D00B96E75 /* BusinessManager.swift */ = {isa = PBXFileReference; lastKnownFileType = sourcecode.swift; path = BusinessManager.swift; sourceTree = "<group>"; };
		F512BD94238CCA9100B96E75 /* MemberCell.swift */ = {isa = PBXFileReference; lastKnownFileType = sourcecode.swift; path = MemberCell.swift; sourceTree = "<group>"; };
		F512BD96238CCC0B00B96E75 /* MemberViewController.swift */ = {isa = PBXFileReference; lastKnownFileType = sourcecode.swift; path = MemberViewController.swift; sourceTree = "<group>"; };
		F512BD9C238CEE9400B96E75 /* AlertUtils.swift */ = {isa = PBXFileReference; lastKnownFileType = sourcecode.swift; path = AlertUtils.swift; sourceTree = "<group>"; };
		F512BD9E238E428800B96E75 /* VoiceChangerTableViewController.swift */ = {isa = PBXFileReference; lastKnownFileType = sourcecode.swift; path = VoiceChangerTableViewController.swift; sourceTree = "<group>"; };
		F512BDA0238E462D00B96E75 /* VoiceChangerCell.swift */ = {isa = PBXFileReference; lastKnownFileType = sourcecode.swift; path = VoiceChangerCell.swift; sourceTree = "<group>"; };
		F512BDA2238E533B00B96E75 /* Constant.swift */ = {isa = PBXFileReference; lastKnownFileType = sourcecode.swift; path = Constant.swift; sourceTree = "<group>"; };
		F5616A5D2386594E003FEADA /* ChatRoomViewController.swift */ = {isa = PBXFileReference; lastKnownFileType = sourcecode.swift; path = ChatRoomViewController.swift; sourceTree = "<group>"; };
		F5616A5F238780A6003FEADA /* SeatCollectionViewController.swift */ = {isa = PBXFileReference; lastKnownFileType = sourcecode.swift; path = SeatCollectionViewController.swift; sourceTree = "<group>"; };
		F5616A61238786C7003FEADA /* SeatCell.swift */ = {isa = PBXFileReference; lastKnownFileType = sourcecode.swift; path = SeatCell.swift; sourceTree = "<group>"; };
		F5616A63238789E5003FEADA /* MessageTableViewController.swift */ = {isa = PBXFileReference; lastKnownFileType = sourcecode.swift; path = MessageTableViewController.swift; sourceTree = "<group>"; };
		F5616A6523878BDB003FEADA /* MessageCell.swift */ = {isa = PBXFileReference; lastKnownFileType = sourcecode.swift; path = MessageCell.swift; sourceTree = "<group>"; };
		F5616A672387B288003FEADA /* Seat.swift */ = {isa = PBXFileReference; lastKnownFileType = sourcecode.swift; path = Seat.swift; sourceTree = "<group>"; };
		F5616A692387B628003FEADA /* AudioStatus.swift */ = {isa = PBXFileReference; lastKnownFileType = sourcecode.swift; path = AudioStatus.swift; sourceTree = "<group>"; };
		F5616A6C2387C09E003FEADA /* BaseUtils.swift */ = {isa = PBXFileReference; lastKnownFileType = sourcecode.swift; path = BaseUtils.swift; sourceTree = "<group>"; };
		F568921A2398DEAD0088A16B /* NavigationController.swift */ = {isa = PBXFileReference; lastKnownFileType = sourcecode.swift; path = NavigationController.swift; sourceTree = "<group>"; };
		F568921C2398E3AC0088A16B /* ChannelViewController.swift */ = {isa = PBXFileReference; lastKnownFileType = sourcecode.swift; path = ChannelViewController.swift; sourceTree = "<group>"; };
		F568921E2398E57C0088A16B /* Channel.swift */ = {isa = PBXFileReference; lastKnownFileType = sourcecode.swift; path = Channel.swift; sourceTree = "<group>"; };
		F56892202398E7F10088A16B /* ChannelCell.swift */ = {isa = PBXFileReference; lastKnownFileType = sourcecode.swift; path = ChannelCell.swift; sourceTree = "<group>"; };
		F568922423993D4E0088A16B /* MemberUtils.swift */ = {isa = PBXFileReference; lastKnownFileType = sourcecode.swift; path = MemberUtils.swift; sourceTree = "<group>"; };
		F56892262399FC2C0088A16B /* AutoButton.swift */ = {isa = PBXFileReference; lastKnownFileType = sourcecode.swift; path = AutoButton.swift; sourceTree = "<group>"; };
		F5689228239A9D290088A16B /* TestVCViewController.swift */ = {isa = PBXFileReference; lastKnownFileType = sourcecode.swift; path = TestVCViewController.swift; sourceTree = "<group>"; };
/* End PBXFileReference section */

/* Begin PBXFrameworksBuildPhase section */
		A7C50F07212414F200774322 /* Frameworks */ = {
			isa = PBXFrameworksBuildPhase;
			buildActionMask = 2147483647;
			files = (
				F512BD8D238B7C2600B96E75 /* AgoraRtmKit.framework in Frameworks */,
				A77F4601212426E400EB578D /* AgoraAudioKit.framework in Frameworks */,
				A77F45FF212426D900EB578D /* libresolv.tbd in Frameworks */,
				A77F45FD212426CD00EB578D /* CoreTelephony.framework in Frameworks */,
				A77F45FB212426C600EB578D /* AudioToolbox.framework in Frameworks */,
				A77F45F9212426BA00EB578D /* SystemConfiguration.framework in Frameworks */,
				A77F45F7212426B100EB578D /* AVFoundation.framework in Frameworks */,
				A77F45F5212426AD00EB578D /* libc++.tbd in Frameworks */,
				A77F45F3212426A600EB578D /* Accelerate.framework in Frameworks */,
			);
			runOnlyForDeploymentPostprocessing = 0;
		};
/* End PBXFrameworksBuildPhase section */

/* Begin PBXGroup section */
		A74A798A21257314001E3AA2 /* Controllers */ = {
			isa = PBXGroup;
			children = (
				F5616A5D2386594E003FEADA /* ChatRoomViewController.swift */,
				F5616A5F238780A6003FEADA /* SeatCollectionViewController.swift */,
				F5616A63238789E5003FEADA /* MessageTableViewController.swift */,
				F512BD96238CCC0B00B96E75 /* MemberViewController.swift */,
				F512BD9E238E428800B96E75 /* VoiceChangerTableViewController.swift */,
				F568921A2398DEAD0088A16B /* NavigationController.swift */,
				F568921C2398E3AC0088A16B /* ChannelViewController.swift */,
				F5689228239A9D290088A16B /* TestVCViewController.swift */,
			);
			name = Controllers;
			sourceTree = "<group>";
		};
		A77F45F1212426A500EB578D /* Frameworks */ = {
			isa = PBXGroup;
			children = (
				F512BD8C238B7C2600B96E75 /* AgoraRtmKit.framework */,
				A77F4600212426E400EB578D /* AgoraAudioKit.framework */,
				A77F45FE212426D900EB578D /* libresolv.tbd */,
				A77F45FC212426CD00EB578D /* CoreTelephony.framework */,
				A77F45FA212426C600EB578D /* AudioToolbox.framework */,
				A77F45F8212426BA00EB578D /* SystemConfiguration.framework */,
				A77F45F6212426B100EB578D /* AVFoundation.framework */,
				A77F45F4212426AD00EB578D /* libc++.tbd */,
				A77F45F2212426A500EB578D /* Accelerate.framework */,
			);
			name = Frameworks;
			sourceTree = "<group>";
		};
		A7C50F01212414F200774322 = {
			isa = PBXGroup;
			children = (
				A7C50F0C212414F200774322 /* AgoraChatRoom */,
				A7C50F0B212414F200774322 /* Products */,
				A77F45F1212426A500EB578D /* Frameworks */,
			);
			sourceTree = "<group>";
		};
		A7C50F0B212414F200774322 /* Products */ = {
			isa = PBXGroup;
			children = (
				A7C50F0A212414F200774322 /* AgoraChatRoom.app */,
			);
			name = Products;
			sourceTree = "<group>";
		};
		A7C50F0C212414F200774322 /* AgoraChatRoom */ = {
			isa = PBXGroup;
			children = (
				F512BD87238B739200B96E75 /* Manager */,
				A74A798A21257314001E3AA2 /* Controllers */,
				A7C50F2C2124218000774322 /* Views */,
				A7C50F292124216000774322 /* Models */,
				F5616A6B2387C087003FEADA /* Utils */,
				A7C50F272124214A00774322 /* Supporting Files */,
			);
			path = AgoraChatRoom;
			sourceTree = "<group>";
		};
		A7C50F272124214A00774322 /* Supporting Files */ = {
			isa = PBXGroup;
			children = (
				A7C50F0D212414F200774322 /* AppDelegate.swift */,
				A7C50F14212414F300774322 /* Assets.xcassets */,
				A7C50F16212414F300774322 /* LaunchScreen.storyboard */,
				A7237F472125894600F2F397 /* Sound Horizon - 記憶の水底.mp3 */,
				A7C50F19212414F300774322 /* Info.plist */,
				F56892262399FC2C0088A16B /* AutoButton.swift */,
			);
			name = "Supporting Files";
			sourceTree = "<group>";
		};
		A7C50F292124216000774322 /* Models */ = {
			isa = PBXGroup;
			children = (
				F5616A672387B288003FEADA /* Seat.swift */,
				F5616A692387B628003FEADA /* AudioStatus.swift */,
				F512BD8E238B8A8D00B96E75 /* Member.swift */,
				F512BD90238B992A00B96E75 /* Message.swift */,
				F568921E2398E57C0088A16B /* Channel.swift */,
			);
			name = Models;
			sourceTree = "<group>";
		};
		A7C50F2C2124218000774322 /* Views */ = {
			isa = PBXGroup;
			children = (
				A7C50F11212414F200774322 /* Main.storyboard */,
				F5616A61238786C7003FEADA /* SeatCell.swift */,
				F5616A6523878BDB003FEADA /* MessageCell.swift */,
				F512BD94238CCA9100B96E75 /* MemberCell.swift */,
				F512BDA0238E462D00B96E75 /* VoiceChangerCell.swift */,
				F56892202398E7F10088A16B /* ChannelCell.swift */,
			);
			name = Views;
			sourceTree = "<group>";
		};
		F512BD87238B739200B96E75 /* Manager */ = {
			isa = PBXGroup;
			children = (
				F512BD88238B73AA00B96E75 /* RtcManager.swift */,
				F512BD8A238B7BB300B96E75 /* RtmManager.swift */,
				F512BD92238B9A2D00B96E75 /* BusinessManager.swift */,
			);
			name = Manager;
			sourceTree = "<group>";
		};
		F5616A6B2387C087003FEADA /* Utils */ = {
			isa = PBXGroup;
			children = (
				F512BDA2238E533B00B96E75 /* Constant.swift */,
				F5616A6C2387C09E003FEADA /* BaseUtils.swift */,
				F512BD9C238CEE9400B96E75 /* AlertUtils.swift */,
				F568922423993D4E0088A16B /* MemberUtils.swift */,
			);
			name = Utils;
			sourceTree = "<group>";
		};
/* End PBXGroup section */

/* Begin PBXNativeTarget section */
		A7C50F09212414F200774322 /* AgoraChatRoom */ = {
			isa = PBXNativeTarget;
			buildConfigurationList = A7C50F1C212414F300774322 /* Build configuration list for PBXNativeTarget "AgoraChatRoom" */;
			buildPhases = (
				A7C50F06212414F200774322 /* Sources */,
				A7C50F07212414F200774322 /* Frameworks */,
				A7C50F08212414F200774322 /* Resources */,
			);
			buildRules = (
			);
			dependencies = (
			);
			name = AgoraChatRoom;
			productName = AgoraChatRoom;
			productReference = A7C50F0A212414F200774322 /* AgoraChatRoom.app */;
			productType = "com.apple.product-type.application";
		};
/* End PBXNativeTarget section */

/* Begin PBXProject section */
		A7C50F02212414F200774322 /* Project object */ = {
			isa = PBXProject;
			attributes = {
				LastSwiftUpdateCheck = 0940;
				LastUpgradeCheck = 0940;
				ORGANIZATIONNAME = CavanSu;
				TargetAttributes = {
					A7C50F09212414F200774322 = {
						CreatedOnToolsVersion = 9.4.1;
						LastSwiftMigration = 1010;
						SystemCapabilities = {
							com.apple.BackgroundModes = {
								enabled = 1;
							};
						};
					};
				};
			};
			buildConfigurationList = A7C50F05212414F200774322 /* Build configuration list for PBXProject "AgoraChatRoom" */;
			compatibilityVersion = "Xcode 9.3";
			developmentRegion = en;
			hasScannedForEncodings = 0;
			knownRegions = (
				en,
				Base,
			);
			mainGroup = A7C50F01212414F200774322;
			productRefGroup = A7C50F0B212414F200774322 /* Products */;
			projectDirPath = "";
			projectRoot = "";
			targets = (
				A7C50F09212414F200774322 /* AgoraChatRoom */,
			);
		};
/* End PBXProject section */

/* Begin PBXResourcesBuildPhase section */
		A7C50F08212414F200774322 /* Resources */ = {
			isa = PBXResourcesBuildPhase;
			buildActionMask = 2147483647;
			files = (
				A7C50F18212414F300774322 /* LaunchScreen.storyboard in Resources */,
				A7C50F15212414F300774322 /* Assets.xcassets in Resources */,
				A7C50F13212414F200774322 /* Main.storyboard in Resources */,
				A7237F482125894600F2F397 /* Sound Horizon - 記憶の水底.mp3 in Resources */,
			);
			runOnlyForDeploymentPostprocessing = 0;
		};
/* End PBXResourcesBuildPhase section */

/* Begin PBXSourcesBuildPhase section */
		A7C50F06212414F200774322 /* Sources */ = {
			isa = PBXSourcesBuildPhase;
			buildActionMask = 2147483647;
			files = (
				F5616A6A2387B628003FEADA /* AudioStatus.swift in Sources */,
				A7C50F0E212414F200774322 /* AppDelegate.swift in Sources */,
				F56892272399FC2C0088A16B /* AutoButton.swift in Sources */,
				F5616A6D2387C09E003FEADA /* BaseUtils.swift in Sources */,
				F512BD95238CCA9100B96E75 /* MemberCell.swift in Sources */,
				F512BD91238B992A00B96E75 /* Message.swift in Sources */,
				F5616A64238789E5003FEADA /* MessageTableViewController.swift in Sources */,
				F5616A682387B288003FEADA /* Seat.swift in Sources */,
				F512BDA3238E533B00B96E75 /* Constant.swift in Sources */,
				F512BD97238CCC0B00B96E75 /* MemberViewController.swift in Sources */,
				F5616A5E2386594E003FEADA /* ChatRoomViewController.swift in Sources */,
				F568922523993D4F0088A16B /* MemberUtils.swift in Sources */,
				F568921D2398E3AC0088A16B /* ChannelViewController.swift in Sources */,
				F5616A60238780A6003FEADA /* SeatCollectionViewController.swift in Sources */,
				F5689229239A9D290088A16B /* TestVCViewController.swift in Sources */,
				F512BD8B238B7BB300B96E75 /* RtmManager.swift in Sources */,
				F56892212398E7F10088A16B /* ChannelCell.swift in Sources */,
				F5616A62238786C7003FEADA /* SeatCell.swift in Sources */,
				F512BD93238B9A2D00B96E75 /* BusinessManager.swift in Sources */,
				F512BD9D238CEE9400B96E75 /* AlertUtils.swift in Sources */,
				F512BD9F238E428800B96E75 /* VoiceChangerTableViewController.swift in Sources */,
				F5616A6623878BDB003FEADA /* MessageCell.swift in Sources */,
				F512BD89238B73AA00B96E75 /* RtcManager.swift in Sources */,
				F568921F2398E57C0088A16B /* Channel.swift in Sources */,
				F512BD8F238B8A8D00B96E75 /* Member.swift in Sources */,
				F568921B2398DEAD0088A16B /* NavigationController.swift in Sources */,
				F512BDA1238E462D00B96E75 /* VoiceChangerCell.swift in Sources */,
			);
			runOnlyForDeploymentPostprocessing = 0;
		};
/* End PBXSourcesBuildPhase section */

/* Begin PBXVariantGroup section */
		A7C50F11212414F200774322 /* Main.storyboard */ = {
			isa = PBXVariantGroup;
			children = (
				A7C50F12212414F200774322 /* Base */,
			);
			name = Main.storyboard;
			sourceTree = "<group>";
		};
		A7C50F16212414F300774322 /* LaunchScreen.storyboard */ = {
			isa = PBXVariantGroup;
			children = (
				A7C50F17212414F300774322 /* Base */,
			);
			name = LaunchScreen.storyboard;
			sourceTree = "<group>";
		};
/* End PBXVariantGroup section */

/* Begin XCBuildConfiguration section */
		A7C50F1A212414F300774322 /* Debug */ = {
			isa = XCBuildConfiguration;
			buildSettings = {
				ALWAYS_SEARCH_USER_PATHS = NO;
				CLANG_ANALYZER_NONNULL = YES;
				CLANG_ANALYZER_NUMBER_OBJECT_CONVERSION = YES_AGGRESSIVE;
				CLANG_CXX_LANGUAGE_STANDARD = "gnu++14";
				CLANG_CXX_LIBRARY = "libc++";
				CLANG_ENABLE_MODULES = YES;
				CLANG_ENABLE_OBJC_ARC = YES;
				CLANG_ENABLE_OBJC_WEAK = YES;
				CLANG_WARN_BLOCK_CAPTURE_AUTORELEASING = YES;
				CLANG_WARN_BOOL_CONVERSION = YES;
				CLANG_WARN_COMMA = YES;
				CLANG_WARN_CONSTANT_CONVERSION = YES;
				CLANG_WARN_DEPRECATED_OBJC_IMPLEMENTATIONS = YES;
				CLANG_WARN_DIRECT_OBJC_ISA_USAGE = YES_ERROR;
				CLANG_WARN_DOCUMENTATION_COMMENTS = YES;
				CLANG_WARN_EMPTY_BODY = YES;
				CLANG_WARN_ENUM_CONVERSION = YES;
				CLANG_WARN_INFINITE_RECURSION = YES;
				CLANG_WARN_INT_CONVERSION = YES;
				CLANG_WARN_NON_LITERAL_NULL_CONVERSION = YES;
				CLANG_WARN_OBJC_IMPLICIT_RETAIN_SELF = YES;
				CLANG_WARN_OBJC_LITERAL_CONVERSION = YES;
				CLANG_WARN_OBJC_ROOT_CLASS = YES_ERROR;
				CLANG_WARN_RANGE_LOOP_ANALYSIS = YES;
				CLANG_WARN_STRICT_PROTOTYPES = YES;
				CLANG_WARN_SUSPICIOUS_MOVE = YES;
				CLANG_WARN_UNGUARDED_AVAILABILITY = YES_AGGRESSIVE;
				CLANG_WARN_UNREACHABLE_CODE = YES;
				CLANG_WARN__DUPLICATE_METHOD_MATCH = YES;
				CODE_SIGN_IDENTITY = "iPhone Developer";
				COPY_PHASE_STRIP = NO;
				DEBUG_INFORMATION_FORMAT = dwarf;
				ENABLE_STRICT_OBJC_MSGSEND = YES;
				ENABLE_TESTABILITY = YES;
				GCC_C_LANGUAGE_STANDARD = gnu11;
				GCC_DYNAMIC_NO_PIC = NO;
				GCC_NO_COMMON_BLOCKS = YES;
				GCC_OPTIMIZATION_LEVEL = 0;
				GCC_PREPROCESSOR_DEFINITIONS = (
					"DEBUG=1",
					"$(inherited)",
				);
				GCC_WARN_64_TO_32_BIT_CONVERSION = YES;
				GCC_WARN_ABOUT_RETURN_TYPE = YES_ERROR;
				GCC_WARN_UNDECLARED_SELECTOR = YES;
				GCC_WARN_UNINITIALIZED_AUTOS = YES_AGGRESSIVE;
				GCC_WARN_UNUSED_FUNCTION = YES;
				GCC_WARN_UNUSED_VARIABLE = YES;
				IPHONEOS_DEPLOYMENT_TARGET = 11.4;
				MTL_ENABLE_DEBUG_INFO = YES;
				ONLY_ACTIVE_ARCH = YES;
				SDKROOT = iphoneos;
				SWIFT_ACTIVE_COMPILATION_CONDITIONS = DEBUG;
				SWIFT_OPTIMIZATION_LEVEL = "-Onone";
			};
			name = Debug;
		};
		A7C50F1B212414F300774322 /* Release */ = {
			isa = XCBuildConfiguration;
			buildSettings = {
				ALWAYS_SEARCH_USER_PATHS = NO;
				CLANG_ANALYZER_NONNULL = YES;
				CLANG_ANALYZER_NUMBER_OBJECT_CONVERSION = YES_AGGRESSIVE;
				CLANG_CXX_LANGUAGE_STANDARD = "gnu++14";
				CLANG_CXX_LIBRARY = "libc++";
				CLANG_ENABLE_MODULES = YES;
				CLANG_ENABLE_OBJC_ARC = YES;
				CLANG_ENABLE_OBJC_WEAK = YES;
				CLANG_WARN_BLOCK_CAPTURE_AUTORELEASING = YES;
				CLANG_WARN_BOOL_CONVERSION = YES;
				CLANG_WARN_COMMA = YES;
				CLANG_WARN_CONSTANT_CONVERSION = YES;
				CLANG_WARN_DEPRECATED_OBJC_IMPLEMENTATIONS = YES;
				CLANG_WARN_DIRECT_OBJC_ISA_USAGE = YES_ERROR;
				CLANG_WARN_DOCUMENTATION_COMMENTS = YES;
				CLANG_WARN_EMPTY_BODY = YES;
				CLANG_WARN_ENUM_CONVERSION = YES;
				CLANG_WARN_INFINITE_RECURSION = YES;
				CLANG_WARN_INT_CONVERSION = YES;
				CLANG_WARN_NON_LITERAL_NULL_CONVERSION = YES;
				CLANG_WARN_OBJC_IMPLICIT_RETAIN_SELF = YES;
				CLANG_WARN_OBJC_LITERAL_CONVERSION = YES;
				CLANG_WARN_OBJC_ROOT_CLASS = YES_ERROR;
				CLANG_WARN_RANGE_LOOP_ANALYSIS = YES;
				CLANG_WARN_STRICT_PROTOTYPES = YES;
				CLANG_WARN_SUSPICIOUS_MOVE = YES;
				CLANG_WARN_UNGUARDED_AVAILABILITY = YES_AGGRESSIVE;
				CLANG_WARN_UNREACHABLE_CODE = YES;
				CLANG_WARN__DUPLICATE_METHOD_MATCH = YES;
				CODE_SIGN_IDENTITY = "iPhone Developer";
				COPY_PHASE_STRIP = NO;
				DEBUG_INFORMATION_FORMAT = "dwarf-with-dsym";
				ENABLE_NS_ASSERTIONS = NO;
				ENABLE_STRICT_OBJC_MSGSEND = YES;
				GCC_C_LANGUAGE_STANDARD = gnu11;
				GCC_NO_COMMON_BLOCKS = YES;
				GCC_WARN_64_TO_32_BIT_CONVERSION = YES;
				GCC_WARN_ABOUT_RETURN_TYPE = YES_ERROR;
				GCC_WARN_UNDECLARED_SELECTOR = YES;
				GCC_WARN_UNINITIALIZED_AUTOS = YES_AGGRESSIVE;
				GCC_WARN_UNUSED_FUNCTION = YES;
				GCC_WARN_UNUSED_VARIABLE = YES;
				IPHONEOS_DEPLOYMENT_TARGET = 11.4;
				MTL_ENABLE_DEBUG_INFO = NO;
				SDKROOT = iphoneos;
				SWIFT_COMPILATION_MODE = wholemodule;
				SWIFT_OPTIMIZATION_LEVEL = "-O";
				VALIDATE_PRODUCT = YES;
			};
			name = Release;
		};
		A7C50F1D212414F300774322 /* Debug */ = {
			isa = XCBuildConfiguration;
			buildSettings = {
				ASSETCATALOG_COMPILER_APPICON_NAME = AppIcon;
				CODE_SIGN_IDENTITY = "iPhone Developer";
				CODE_SIGN_STYLE = Manual;
				DEVELOPMENT_TEAM = "";
				FRAMEWORK_SEARCH_PATHS = (
					"$(inherited)",
					"$(PROJECT_DIR)/AgoraChatRoom",
				);
				INFOPLIST_FILE = AgoraChatRoom/Info.plist;
				IPHONEOS_DEPLOYMENT_TARGET = 10.0;
				LD_RUNPATH_SEARCH_PATHS = (
					"$(inherited)",
					"@executable_path/Frameworks",
				);
				PRODUCT_BUNDLE_IDENTIFIER = io.agora.AgoraChatRoom;
				PRODUCT_NAME = "$(TARGET_NAME)";
				PROVISIONING_PROFILE = "";
				PROVISIONING_PROFILE_SPECIFIER = "";
				SWIFT_VERSION = 4.2;
				TARGETED_DEVICE_FAMILY = "1,2";
			};
			name = Debug;
		};
		A7C50F1E212414F300774322 /* Release */ = {
			isa = XCBuildConfiguration;
			buildSettings = {
				ASSETCATALOG_COMPILER_APPICON_NAME = AppIcon;
				CODE_SIGN_IDENTITY = "iPhone Developer";
				CODE_SIGN_STYLE = Manual;
				DEVELOPMENT_TEAM = "";
				FRAMEWORK_SEARCH_PATHS = (
					"$(inherited)",
					"$(PROJECT_DIR)/AgoraChatRoom",
				);
				INFOPLIST_FILE = AgoraChatRoom/Info.plist;
				IPHONEOS_DEPLOYMENT_TARGET = 10.0;
				LD_RUNPATH_SEARCH_PATHS = (
					"$(inherited)",
					"@executable_path/Frameworks",
				);
				PRODUCT_BUNDLE_IDENTIFIER = io.agora.AgoraChatRoom;
				PRODUCT_NAME = "$(TARGET_NAME)";
				PROVISIONING_PROFILE = "";
				PROVISIONING_PROFILE_SPECIFIER = "";
				SWIFT_VERSION = 4.2;
				TARGETED_DEVICE_FAMILY = "1,2";
			};
			name = Release;
		};
/* End XCBuildConfiguration section */

/* Begin XCConfigurationList section */
		A7C50F05212414F200774322 /* Build configuration list for PBXProject "AgoraChatRoom" */ = {
			isa = XCConfigurationList;
			buildConfigurations = (
				A7C50F1A212414F300774322 /* Debug */,
				A7C50F1B212414F300774322 /* Release */,
			);
			defaultConfigurationIsVisible = 0;
			defaultConfigurationName = Release;
		};
		A7C50F1C212414F300774322 /* Build configuration list for PBXNativeTarget "AgoraChatRoom" */ = {
			isa = XCConfigurationList;
			buildConfigurations = (
				A7C50F1D212414F300774322 /* Debug */,
				A7C50F1E212414F300774322 /* Release */,
			);
			defaultConfigurationIsVisible = 0;
			defaultConfigurationName = Release;
		};
/* End XCConfigurationList section */
	};
	rootObject = A7C50F02212414F200774322 /* Project object */;
}
